
Microsoft Visual Studio Solution File, Format Version 12.00
# Visual Studio Version 16
VisualStudioVersion = 16.0.29806.167
MinimumVisualStudioVersion = 10.0.40219.1
Project("{9A19103F-16F7-4668-BE54-9A1E7A4F7556}") = "Exercise1", "Exercise1\Exercise1.csproj", "{46359902-1F8B-4E92-96B8-A5A9DAF9D5B2}"
EndProject
Project("{9A19103F-16F7-4668-BE54-9A1E7A4F7556}") = "Exercise2", "Exercise2\Exercise2.csproj", "{D24787C9-ABB8-4D86-9848-3B8B02878F9D}"
EndProject
Project("{9A19103F-16F7-4668-BE54-9A1E7A4F7556}") = "Exercise3", "Exercise3\Exercise3.csproj", "{44FEA4C5-810A-4E12-9B83-9C6B30D3FCEE}"
EndProject
Project("{9A19103F-16F7-4668-BE54-9A1E7A4F7556}") = "Exercise4", "Exercise4\Exercise4.csproj", "{F406C07E-A60E-4A06-AE0F-B33B2883ED3C}"
EndProject
Project("{9A19103F-16F7-4668-BE54-9A1E7A4F7556}") = "FastBoxDelivery", "FastBoxDelivery\FastBoxDelivery.csproj", "{63391EAB-02AA-45B9-9F9D-731515D29156}"
EndProject
Project("{FAE04EC0-301F-11D3-BF4B-00C04F79EFBC}") = "Balancing_Parentheses", "Balancing_Parentheses\Balancing_Parentheses.csproj", "{E712B91B-B1F7-4026-88E7-8260EBC744B3}"
EndProject
Project("{FAE04EC0-301F-11D3-BF4B-00C04F79EFBC}") = "Balancing_Elements", "Balancing_Elements\Balancing_Elements.csproj", "{196A382C-8017-4141-B9E6-3804319793C6}"
EndProject
Global
	GlobalSection(SolutionConfigurationPlatforms) = preSolution
		Debug|Any CPU = Debug|Any CPU
		Release|Any CPU = Release|Any CPU
	EndGlobalSection
	GlobalSection(ProjectConfigurationPlatforms) = postSolution
		{46359902-1F8B-4E92-96B8-A5A9DAF9D5B2}.Debug|Any CPU.ActiveCfg = Debug|Any CPU
		{46359902-1F8B-4E92-96B8-A5A9DAF9D5B2}.Debug|Any CPU.Build.0 = Debug|Any CPU
		{46359902-1F8B-4E92-96B8-A5A9DAF9D5B2}.Release|Any CPU.ActiveCfg = Release|Any CPU
		{46359902-1F8B-4E92-96B8-A5A9DAF9D5B2}.Release|Any CPU.Build.0 = Release|Any CPU
		{D24787C9-ABB8-4D86-9848-3B8B02878F9D}.Debug|Any CPU.ActiveCfg = Debug|Any CPU
		{D24787C9-ABB8-4D86-9848-3B8B02878F9D}.Debug|Any CPU.Build.0 = Debug|Any CPU
		{D24787C9-ABB8-4D86-9848-3B8B02878F9D}.Release|Any CPU.ActiveCfg = Release|Any CPU
		{D24787C9-ABB8-4D86-9848-3B8B02878F9D}.Release|Any CPU.Build.0 = Release|Any CPU
		{44FEA4C5-810A-4E12-9B83-9C6B30D3FCEE}.Debug|Any CPU.ActiveCfg = Debug|Any CPU
		{44FEA4C5-810A-4E12-9B83-9C6B30D3FCEE}.Debug|Any CPU.Build.0 = Debug|Any CPU
		{44FEA4C5-810A-4E12-9B83-9C6B30D3FCEE}.Release|Any CPU.ActiveCfg = Release|Any CPU
		{44FEA4C5-810A-4E12-9B83-9C6B30D3FCEE}.Release|Any CPU.Build.0 = Release|Any CPU
		{F406C07E-A60E-4A06-AE0F-B33B2883ED3C}.Debug|Any CPU.ActiveCfg = Debug|Any CPU
		{F406C07E-A60E-4A06-AE0F-B33B2883ED3C}.Debug|Any CPU.Build.0 = Debug|Any CPU
		{F406C07E-A60E-4A06-AE0F-B33B2883ED3C}.Release|Any CPU.ActiveCfg = Release|Any CPU
		{F406C07E-A60E-4A06-AE0F-B33B2883ED3C}.Release|Any CPU.Build.0 = Release|Any CPU
		{63391EAB-02AA-45B9-9F9D-731515D29156}.Debug|Any CPU.ActiveCfg = Debug|Any CPU
		{63391EAB-02AA-45B9-9F9D-731515D29156}.Debug|Any CPU.Build.0 = Debug|Any CPU
		{63391EAB-02AA-45B9-9F9D-731515D29156}.Release|Any CPU.ActiveCfg = Release|Any CPU
		{63391EAB-02AA-45B9-9F9D-731515D29156}.Release|Any CPU.Build.0 = Release|Any CPU
		{E712B91B-B1F7-4026-88E7-8260EBC744B3}.Debug|Any CPU.ActiveCfg = Debug|Any CPU
		{E712B91B-B1F7-4026-88E7-8260EBC744B3}.Debug|Any CPU.Build.0 = Debug|Any CPU
		{E712B91B-B1F7-4026-88E7-8260EBC744B3}.Release|Any CPU.ActiveCfg = Release|Any CPU
		{E712B91B-B1F7-4026-88E7-8260EBC744B3}.Release|Any CPU.Build.0 = Release|Any CPU
		{196A382C-8017-4141-B9E6-3804319793C6}.Debug|Any CPU.ActiveCfg = Debug|Any CPU
		{196A382C-8017-4141-B9E6-3804319793C6}.Debug|Any CPU.Build.0 = Debug|Any CPU
		{196A382C-8017-4141-B9E6-3804319793C6}.Release|Any CPU.ActiveCfg = Release|Any CPU
		{196A382C-8017-4141-B9E6-3804319793C6}.Release|Any CPU.Build.0 = Release|Any CPU
	EndGlobalSection
	GlobalSection(SolutionProperties) = preSolution
		HideSolutionNode = FALSE
	EndGlobalSection
	GlobalSection(ExtensibilityGlobals) = postSolution
		SolutionGuid = {16889CE8-4651-4595-A51D-CC823A92A1E7}
	EndGlobalSection
EndGlobal
